
Microsoft Visual Studio Solution File, Format Version 12.00
# Visual Studio Version 17
VisualStudioVersion = 17.14.36121.58 d17.14
MinimumVisualStudioVersion = 10.0.40219.1
Project("{FAE04EC0-301F-11D3-BF4B-00C04F79EFBC}") = "ArraySort", "ArraySort\ArraySort.csproj", "{307A66DA-E1CA-41A3-A393-656B53FD8F2B}"
EndProject
Global
	GlobalSection(SolutionConfigurationPlatforms) = preSolution
		Debug|Any CPU = Debug|Any CPU
		Release|Any CPU = Release|Any CPU
	EndGlobalSection
	GlobalSection(ProjectConfigurationPlatforms) = postSolution
		{307A66DA-E1CA-41A3-A393-656B53FD8F2B}.Debug|Any CPU.ActiveCfg = Debug|Any CPU
		{307A66DA-E1CA-41A3-A393-656B53FD8F2B}.Debug|Any CPU.Build.0 = Debug|Any CPU
		{307A66DA-E1CA-41A3-A393-656B53FD8F2B}.Release|Any CPU.ActiveCfg = Release|Any CPU
		{307A66DA-E1CA-41A3-A393-656B53FD8F2B}.Release|Any CPU.Build.0 = Release|Any CPU
	EndGlobalSection
	GlobalSection(SolutionProperties) = preSolution
		HideSolutionNode = FALSE
	EndGlobalSection
	GlobalSection(ExtensibilityGlobals) = postSolution
		SolutionGuid = {9790FB6E-D386-4476-8EC5-FBF783EECE16}
	EndGlobalSection
EndGlobal
