
Microsoft Visual Studio Solution File, Format Version 12.00
# Visual Studio Version 17
VisualStudioVersion = 17.14.36203.30 d17.14
MinimumVisualStudioVersion = 10.0.40219.1
Project("{FAE04EC0-301F-11D3-BF4B-00C04F79EFBC}") = "IncrementAndDecrement", "IncrementAndDecrement\IncrementAndDecrement.csproj", "{8D541DF2-6C5D-42AD-8F64-D0F382977DD1}"
EndProject
Global
	GlobalSection(SolutionConfigurationPlatforms) = preSolution
		Debug|Any CPU = Debug|Any CPU
		Release|Any CPU = Release|Any CPU
	EndGlobalSection
	GlobalSection(ProjectConfigurationPlatforms) = postSolution
		{8D541DF2-6C5D-42AD-8F64-D0F382977DD1}.Debug|Any CPU.ActiveCfg = Debug|Any CPU
		{8D541DF2-6C5D-42AD-8F64-D0F382977DD1}.Debug|Any CPU.Build.0 = Debug|Any CPU
		{8D541DF2-6C5D-42AD-8F64-D0F382977DD1}.Release|Any CPU.ActiveCfg = Release|Any CPU
		{8D541DF2-6C5D-42AD-8F64-D0F382977DD1}.Release|Any CPU.Build.0 = Release|Any CPU
	EndGlobalSection
	GlobalSection(SolutionProperties) = preSolution
		HideSolutionNode = FALSE
	EndGlobalSection
	GlobalSection(ExtensibilityGlobals) = postSolution
		SolutionGuid = {CE43E683-057E-4304-AE70-EDF26CBE320F}
	EndGlobalSection
EndGlobal
