
Microsoft Visual Studio Solution File, Format Version 12.00
# Visual Studio Version 17
VisualStudioVersion = 17.14.36121.58 d17.14
MinimumVisualStudioVersion = 10.0.40219.1
Project("{FAE04EC0-301F-11D3-BF4B-00C04F79EFBC}") = "RefParameter", "RefParameter\RefParameter.csproj", "{75D7FE2F-B835-4692-A780-1C4AFD7C9D71}"
EndProject
Global
	GlobalSection(SolutionConfigurationPlatforms) = preSolution
		Debug|Any CPU = Debug|Any CPU
		Release|Any CPU = Release|Any CPU
	EndGlobalSection
	GlobalSection(ProjectConfigurationPlatforms) = postSolution
		{75D7FE2F-B835-4692-A780-1C4AFD7C9D71}.Debug|Any CPU.ActiveCfg = Debug|Any CPU
		{75D7FE2F-B835-4692-A780-1C4AFD7C9D71}.Debug|Any CPU.Build.0 = Debug|Any CPU
		{75D7FE2F-B835-4692-A780-1C4AFD7C9D71}.Release|Any CPU.ActiveCfg = Release|Any CPU
		{75D7FE2F-B835-4692-A780-1C4AFD7C9D71}.Release|Any CPU.Build.0 = Release|Any CPU
	EndGlobalSection
	GlobalSection(SolutionProperties) = preSolution
		HideSolutionNode = FALSE
	EndGlobalSection
	GlobalSection(ExtensibilityGlobals) = postSolution
		SolutionGuid = {7B714A55-09F5-4A05-92CF-CBE28575F6F3}
	EndGlobalSection
EndGlobal
