
Microsoft Visual Studio Solution File, Format Version 12.00
# Visual Studio Version 17
VisualStudioVersion = 17.14.36203.30 d17.14
MinimumVisualStudioVersion = 10.0.40219.1
Project("{FAE04EC0-301F-11D3-BF4B-00C04F79EFBC}") = "Arrays", "Arrays\Arrays.csproj", "{92CAE6C8-6B90-4CB7-8480-47F81C83ABA1}"
EndProject
Global
	GlobalSection(SolutionConfigurationPlatforms) = preSolution
		Debug|Any CPU = Debug|Any CPU
		Release|Any CPU = Release|Any CPU
	EndGlobalSection
	GlobalSection(ProjectConfigurationPlatforms) = postSolution
		{92CAE6C8-6B90-4CB7-8480-47F81C83ABA1}.Debug|Any CPU.ActiveCfg = Debug|Any CPU
		{92CAE6C8-6B90-4CB7-8480-47F81C83ABA1}.Debug|Any CPU.Build.0 = Debug|Any CPU
		{92CAE6C8-6B90-4CB7-8480-47F81C83ABA1}.Release|Any CPU.ActiveCfg = Release|Any CPU
		{92CAE6C8-6B90-4CB7-8480-47F81C83ABA1}.Release|Any CPU.Build.0 = Release|Any CPU
	EndGlobalSection
	GlobalSection(SolutionProperties) = preSolution
		HideSolutionNode = FALSE
	EndGlobalSection
	GlobalSection(ExtensibilityGlobals) = postSolution
		SolutionGuid = {86957D80-5E41-4A71-BACC-D83CDC35F481}
	EndGlobalSection
EndGlobal
