
Microsoft Visual Studio Solution File, Format Version 12.00
# Visual Studio Version 17
VisualStudioVersion = 17.14.36121.58 d17.14
MinimumVisualStudioVersion = 10.0.40219.1
Project("{FAE04EC0-301F-11D3-BF4B-00C04F79EFBC}") = "Structure", "Structure\Structure.csproj", "{841ADC2C-7810-4942-9D31-EF6F2DB8A30E}"
EndProject
Global
	GlobalSection(SolutionConfigurationPlatforms) = preSolution
		Debug|Any CPU = Debug|Any CPU
		Release|Any CPU = Release|Any CPU
	EndGlobalSection
	GlobalSection(ProjectConfigurationPlatforms) = postSolution
		{841ADC2C-7810-4942-9D31-EF6F2DB8A30E}.Debug|Any CPU.ActiveCfg = Debug|Any CPU
		{841ADC2C-7810-4942-9D31-EF6F2DB8A30E}.Debug|Any CPU.Build.0 = Debug|Any CPU
		{841ADC2C-7810-4942-9D31-EF6F2DB8A30E}.Release|Any CPU.ActiveCfg = Release|Any CPU
		{841ADC2C-7810-4942-9D31-EF6F2DB8A30E}.Release|Any CPU.Build.0 = Release|Any CPU
	EndGlobalSection
	GlobalSection(SolutionProperties) = preSolution
		HideSolutionNode = FALSE
	EndGlobalSection
	GlobalSection(ExtensibilityGlobals) = postSolution
		SolutionGuid = {98897051-074B-4BEB-B103-B1FB428BE82C}
	EndGlobalSection
EndGlobal
