
Microsoft Visual Studio Solution File, Format Version 12.00
# Visual Studio Version 17
VisualStudioVersion = 17.14.36121.58 d17.14
MinimumVisualStudioVersion = 10.0.40219.1
Project("{FAE04EC0-301F-11D3-BF4B-00C04F79EFBC}") = "Empty", "Empty\Empty.csproj", "{81FF3BA0-AC26-44B0-8505-E1364551906F}"
EndProject
Global
	GlobalSection(SolutionConfigurationPlatforms) = preSolution
		Debug|Any CPU = Debug|Any CPU
		Release|Any CPU = Release|Any CPU
	EndGlobalSection
	GlobalSection(ProjectConfigurationPlatforms) = postSolution
		{81FF3BA0-AC26-44B0-8505-E1364551906F}.Debug|Any CPU.ActiveCfg = Debug|Any CPU
		{81FF3BA0-AC26-44B0-8505-E1364551906F}.Debug|Any CPU.Build.0 = Debug|Any CPU
		{81FF3BA0-AC26-44B0-8505-E1364551906F}.Release|Any CPU.ActiveCfg = Release|Any CPU
		{81FF3BA0-AC26-44B0-8505-E1364551906F}.Release|Any CPU.Build.0 = Release|Any CPU
	EndGlobalSection
	GlobalSection(SolutionProperties) = preSolution
		HideSolutionNode = FALSE
	EndGlobalSection
	GlobalSection(ExtensibilityGlobals) = postSolution
		SolutionGuid = {E8E9EE00-E12C-4C46-BB6E-DE08F48F5353}
	EndGlobalSection
EndGlobal
