
Microsoft Visual Studio Solution File, Format Version 12.00
# Visual Studio Version 17
VisualStudioVersion = 17.14.36203.30 d17.14
MinimumVisualStudioVersion = 10.0.40219.1
Project("{FAE04EC0-301F-11D3-BF4B-00C04F79EFBC}") = "SimpleDice", "SimpleDice\SimpleDice.csproj", "{7ECFACAF-79AF-46F4-8294-66EC64FDAD7C}"
EndProject
Global
	GlobalSection(SolutionConfigurationPlatforms) = preSolution
		Debug|Any CPU = Debug|Any CPU
		Release|Any CPU = Release|Any CPU
	EndGlobalSection
	GlobalSection(ProjectConfigurationPlatforms) = postSolution
		{7ECFACAF-79AF-46F4-8294-66EC64FDAD7C}.Debug|Any CPU.ActiveCfg = Debug|Any CPU
		{7ECFACAF-79AF-46F4-8294-66EC64FDAD7C}.Debug|Any CPU.Build.0 = Debug|Any CPU
		{7ECFACAF-79AF-46F4-8294-66EC64FDAD7C}.Release|Any CPU.ActiveCfg = Release|Any CPU
		{7ECFACAF-79AF-46F4-8294-66EC64FDAD7C}.Release|Any CPU.Build.0 = Release|Any CPU
	EndGlobalSection
	GlobalSection(SolutionProperties) = preSolution
		HideSolutionNode = FALSE
	EndGlobalSection
	GlobalSection(ExtensibilityGlobals) = postSolution
		SolutionGuid = {5DA1460E-3E01-412E-85FC-0343C2E6DB14}
	EndGlobalSection
EndGlobal
